
Microsoft Visual Studio Solution File, Format Version 12.00
# Visual Studio Version 17
VisualStudioVersion = 17.6.33829.357
MinimumVisualStudioVersion = 10.0.40219.1
Project("{9A19103F-16F7-4668-BE54-9A1E7A4F7556}") = "KnowledgeSpace.Portal", "src\KnowledgeSpace.Portal\KnowledgeSpace.Portal.csproj", "{8C99826D-064E-40BA-AD2D-3C6A48C60068}"
EndProject
Project("{9A19103F-16F7-4668-BE54-9A1E7A4F7556}") = "KnowledgeSpace.API", "src\KnowledgeSpace.API\KnowledgeSpace.API.csproj", "{B48846F9-4D1F-4BA7-90C9-74468C574B27}"
EndProject
Project("{9A19103F-16F7-4668-BE54-9A1E7A4F7556}") = "Knowledge.ViewModels", "src\Knowledge.ViewModels\Knowledge.ViewModels.csproj", "{62353753-C55A-410A-BE84-7EAB92E345F4}"
EndProject
Global
	GlobalSection(SolutionConfigurationPlatforms) = preSolution
		Debug|Any CPU = Debug|Any CPU
		Release|Any CPU = Release|Any CPU
	EndGlobalSection
	GlobalSection(ProjectConfigurationPlatforms) = postSolution
		{8C99826D-064E-40BA-AD2D-3C6A48C60068}.Debug|Any CPU.ActiveCfg = Debug|Any CPU
		{8C99826D-064E-40BA-AD2D-3C6A48C60068}.Debug|Any CPU.Build.0 = Debug|Any CPU
		{8C99826D-064E-40BA-AD2D-3C6A48C60068}.Release|Any CPU.ActiveCfg = Release|Any CPU
		{8C99826D-064E-40BA-AD2D-3C6A48C60068}.Release|Any CPU.Build.0 = Release|Any CPU
		{B48846F9-4D1F-4BA7-90C9-74468C574B27}.Debug|Any CPU.ActiveCfg = Debug|Any CPU
		{B48846F9-4D1F-4BA7-90C9-74468C574B27}.Debug|Any CPU.Build.0 = Debug|Any CPU
		{B48846F9-4D1F-4BA7-90C9-74468C574B27}.Release|Any CPU.ActiveCfg = Release|Any CPU
		{B48846F9-4D1F-4BA7-90C9-74468C574B27}.Release|Any CPU.Build.0 = Release|Any CPU
		{62353753-C55A-410A-BE84-7EAB92E345F4}.Debug|Any CPU.ActiveCfg = Debug|Any CPU
		{62353753-C55A-410A-BE84-7EAB92E345F4}.Debug|Any CPU.Build.0 = Debug|Any CPU
		{62353753-C55A-410A-BE84-7EAB92E345F4}.Release|Any CPU.ActiveCfg = Release|Any CPU
		{62353753-C55A-410A-BE84-7EAB92E345F4}.Release|Any CPU.Build.0 = Release|Any CPU
	EndGlobalSection
	GlobalSection(SolutionProperties) = preSolution
		HideSolutionNode = FALSE
	EndGlobalSection
	GlobalSection(ExtensibilityGlobals) = postSolution
		SolutionGuid = {683549EB-A813-4BB3-A242-09C63776E06A}
	EndGlobalSection
EndGlobal
